
Microsoft Visual Studio Solution File, Format Version 12.00
# Visual Studio 15
VisualStudioVersion = 15.0.28307.572
MinimumVisualStudioVersion = 10.0.40219.1
Project("{FAE04EC0-301F-11D3-BF4B-00C04F79EFBC}") = "weekend task", "weekend task\weekend task.csproj", "{D0CFF138-6630-4FA0-816A-8F268773F92D}"
EndProject
Global
	GlobalSection(SolutionConfigurationPlatforms) = preSolution
		Debug|Any CPU = Debug|Any CPU
		Release|Any CPU = Release|Any CPU
	EndGlobalSection
	GlobalSection(ProjectConfigurationPlatforms) = postSolution
		{D0CFF138-6630-4FA0-816A-8F268773F92D}.Debug|Any CPU.ActiveCfg = Debug|Any CPU
		{D0CFF138-6630-4FA0-816A-8F268773F92D}.Debug|Any CPU.Build.0 = Debug|Any CPU
		{D0CFF138-6630-4FA0-816A-8F268773F92D}.Release|Any CPU.ActiveCfg = Release|Any CPU
		{D0CFF138-6630-4FA0-816A-8F268773F92D}.Release|Any CPU.Build.0 = Release|Any CPU
	EndGlobalSection
	GlobalSection(SolutionProperties) = preSolution
		HideSolutionNode = FALSE
	EndGlobalSection
	GlobalSection(ExtensibilityGlobals) = postSolution
		SolutionGuid = {6DB4C79F-7D5A-437D-B3B5-46F30CBAED43}
	EndGlobalSection
EndGlobal
